
Microsoft Visual Studio Solution File, Format Version 12.00
# Visual Studio Version 16
VisualStudioVersion = 16.0.32413.511
MinimumVisualStudioVersion = 10.0.40219.1
Project("{FAE04EC0-301F-11D3-BF4B-00C04F79EFBC}") = "Keylogger", "Keylogger\Keylogger.csproj", "{91D0A221-85C1-4288-9BF3-D6A05A040CA0}"
EndProject
Global
	GlobalSection(SolutionConfigurationPlatforms) = preSolution
		Debug|Any CPU = Debug|Any CPU
		Release|Any CPU = Release|Any CPU
	EndGlobalSection
	GlobalSection(ProjectConfigurationPlatforms) = postSolution
		{91D0A221-85C1-4288-9BF3-D6A05A040CA0}.Debug|Any CPU.ActiveCfg = Debug|Any CPU
		{91D0A221-85C1-4288-9BF3-D6A05A040CA0}.Debug|Any CPU.Build.0 = Debug|Any CPU
		{91D0A221-85C1-4288-9BF3-D6A05A040CA0}.Release|Any CPU.ActiveCfg = Release|Any CPU
		{91D0A221-85C1-4288-9BF3-D6A05A040CA0}.Release|Any CPU.Build.0 = Release|Any CPU
	EndGlobalSection
	GlobalSection(SolutionProperties) = preSolution
		HideSolutionNode = FALSE
	EndGlobalSection
	GlobalSection(ExtensibilityGlobals) = postSolution
		SolutionGuid = {73D36AB3-78A8-43B3-820D-6CA1B6EB9DD1}
	EndGlobalSection
EndGlobal
